version = 1
revision = 3
requires-python = ">=3.11"

[[package]]
name = "colorama"
version = "0.4.6"
source = { registry = "https://pypi.org/simple" }
sdist = { url = "https://files.pythonhosted.org/packages/d8/53/6f443c9a4a8358a93a6792e2acffb9d9d5cb0a5cfd8802644b7b1c9a02e4/colorama-0.4.6.tar.gz", hash = "sha256:08695f5cb7ed6e0531a20572697297273c47b8cae5a63ffc6d6ed5c201be6e44", size = 27697, upload-time = "2022-10-25T02:36:22.414Z" }
wheels = [
    { url = "https://files.pythonhosted.org/packages/d1/d6/3965ed04c63042e047cb6a3e6ed1a63a35087b6a609aa3a15ed8ac56c221/colorama-0.4.6-py2.py3-none-any.whl", hash = "sha256:4f1d9991f5acc0ca119f9d443620b77f9d6b33703e51011c16baf57afb285fc6", size = 25335, upload-time = "2022-10-25T02:36:20.889Z" },
]

[[package]]
name = "cramjam"
version = "2.11.0"
source = { registry = "https://pypi.org/simple" }
sdist = { url = "https://files.pythonhosted.org/packages/14/12/34bf6e840a79130dfd0da7badfb6f7810b8fcfd60e75b0539372667b41b6/cramjam-2.11.0.tar.gz", hash = "sha256:5c82500ed91605c2d9781380b378397012e25127e89d64f460fea6aeac4389b4", size = 99100, upload-time = "2025-07-27T21:25:07.559Z" }
wheels = [
    { url = "https://files.pythonhosted.org/packages/d0/89/8001f6a9b6b6e9fa69bec5319789083475d6f26d52aaea209d3ebf939284/cramjam-2.11.0-cp311-cp311-macosx_10_12_x86_64.macosx_11_0_arm64.macosx_10_12_universal2.whl", hash = "sha256:04cfa39118570e70e920a9b75c733299784b6d269733dbc791d9aaed6edd2615", size = 3559272, upload-time = "2025-07-27T21:22:01.988Z" },
    { url = "https://files.pythonhosted.org/packages/0b/f3/001d00070ca92e5fbe6aacc768e455568b0cde46b0eb944561a4ea132300/cramjam-2.11.0-cp311-cp311-macosx_10_12_x86_64.whl", hash = "sha256:66a18f68506290349a256375d7aa2f645b9f7993c10fc4cc211db214e4e61d2b", size = 1861743, upload-time = "2025-07-27T21:22:03.754Z" },
    { url = "https://files.pythonhosted.org/packages/c9/35/041a3af01bf3f6158f120070f798546d4383b962b63c35cd91dcbf193e17/cramjam-2.11.0-cp311-cp311-macosx_11_0_arm64.whl", hash = "sha256:50e7d65533857736cd56f6509cf2c4866f28ad84dd15b5bdbf2f8a81e77fa28a", size = 1699631, upload-time = "2025-07-27T21:22:05.192Z" },
    { url = "https://files.pythonhosted.org/packages/17/eb/5358b238808abebd0c949c42635c3751204ca7cf82b29b984abe9f5e33c8/cramjam-2.11.0-cp311-cp311-manylinux_2_12_i686.manylinux2010_i686.whl", hash = "sha256:1f71989668458fc327ac15396db28d92df22f8024bb12963929798b2729d2df5", size = 2025603, upload-time = "2025-07-27T21:22:06.726Z" },
    { url = "https://files.pythonhosted.org/packages/0e/79/19dba7c03a27408d8d11b5a7a4a7908459cfd4e6f375b73264dc66517bf6/cramjam-2.11.0-cp311-cp311-manylinux_2_17_aarch64.manylinux2014_aarch64.whl", hash = "sha256:ee77ac543f1e2b22af1e8be3ae589f729491b6090582340aacd77d1d757d9569", size = 1766283, upload-time = "2025-07-27T21:22:08.568Z" },
    { url = "https://files.pythonhosted.org/packages/a4/ad/40e4b3408501d886d082db465c33971655fe82573c535428e52ab905f4d0/cramjam-2.11.0-cp311-cp311-manylinux_2_17_armv7l.manylinux2014_armv7l.whl", hash = "sha256:ad52784120e7e4d8a0b5b0517d185b8bf7f74f5e17272857ddc8951a628d9be1", size = 1854407, upload-time = "2025-07-27T21:22:10.518Z" },
    { url = "https://files.pythonhosted.org/packages/36/6e/c1b60ceb6d7ea6ff8b0bf197520aefe23f878bf2bfb0de65f2b0c2f82cd1/cramjam-2.11.0-cp311-cp311-manylinux_2_17_ppc64le.manylinux2014_ppc64le.whl", hash = "sha256:4b86f8e6d9c1b3f9a75b2af870c93ceee0f1b827cd2507387540e053b35d7459", size = 2035793, upload-time = "2025-07-27T21:22:12.504Z" },
    { url = "https://files.pythonhosted.org/packages/9c/ad/32a8d5f4b1e3717787945ec6d71bd1c6e6bccba4b7e903fc0d9d4e4b08c3/cramjam-2.11.0-cp311-cp311-manylinux_2_17_s390x.manylinux2014_s390x.whl", hash = "sha256:320d61938950d95da2371b46c406ec433e7955fae9f396c8e1bf148ffc187d11", size = 2067499, upload-time = "2025-07-27T21:22:14.067Z" },
    { url = "https://files.pythonhosted.org/packages/ff/cd/3b5a662736ea62ff7fa4c4a10a85e050bfdaad375cc53dc80427e8afe41c/cramjam-2.11.0-cp311-cp311-manylinux_2_17_x86_64.manylinux2014_x86_64.whl", hash = "sha256:41eafc8c1653a35a5c7e75ad48138f9f60085cc05cd99d592e5298552d944e9f", size = 1981853, upload-time = "2025-07-27T21:22:15.908Z" },
    { url = "https://files.pythonhosted.org/packages/26/8e/1dbcfaaa7a702ee82ee683ec3a81656934dd7e04a7bc4ee854033686f98a/cramjam-2.11.0-cp311-cp311-musllinux_1_1_aarch64.whl", hash = "sha256:03a7316c6bf763dfa34279335b27702321da44c455a64de58112968c0818ec4a", size = 2034514, upload-time = "2025-07-27T21:22:17.352Z" },
    { url = "https://files.pythonhosted.org/packages/50/62/f11709bfdce74af79a88b410dcb76dedc97612166e759136931bf63cfd7b/cramjam-2.11.0-cp311-cp311-musllinux_1_1_armv7l.whl", hash = "sha256:244c2ed8bd7ccbb294a2abe7ca6498db7e89d7eb5e744691dc511a7dc82e65ca", size = 2155343, upload-time = "2025-07-27T21:22:18.854Z" },
    { url = "https://files.pythonhosted.org/packages/8a/6d/3b98b61841a5376d9a9b8468ae58753a8e6cf22be9534a0fa5af4d8621cc/cramjam-2.11.0-cp311-cp311-musllinux_1_1_i686.whl", hash = "sha256:405f8790bad36ce0b4bbdb964ad51507bfc7942c78447f25cb828b870a1d86a0", size = 2169367, upload-time = "2025-07-27T21:22:20.389Z" },
    { url = "https://files.pythonhosted.org/packages/11/72/bd5db5c49dbebc8b002f1c4983101b28d2e7fc9419753db1c31ec22b03ef/cramjam-2.11.0-cp311-cp311-musllinux_1_1_x86_64.whl", hash = "sha256:6b1b751a5411032b08fb3ac556160229ca01c6bbe4757bb3a9a40b951ebaac23", size = 2159334, upload-time = "2025-07-27T21:22:22.254Z" },
    { url = "https://files.pythonhosted.org/packages/34/32/203c57acdb6eea727e7078b2219984e64ed4ad043c996ed56321301ba167/cramjam-2.11.0-cp311-cp311-win32.whl", hash = "sha256:5251585608778b9ac8effed544933df7ad85b4ba21ee9738b551f17798b215ac", size = 1605313, upload-time = "2025-07-27T21:22:24.126Z" },
    { url = "https://files.pythonhosted.org/packages/a9/bd/102d6deb87a8524ac11cddcd31a7612b8f20bf9b473c3c645045e3b957c7/cramjam-2.11.0-cp311-cp311-win_amd64.whl", hash = "sha256:dca88bc8b68ce6d35dafd8c4d5d59a238a56c43fa02b74c2ce5f9dfb0d1ccb46", size = 1710991, upload-time = "2025-07-27T21:22:25.661Z" },
    { url = "https://files.pythonhosted.org/packages/0b/0d/7c84c913a5fae85b773a9dcf8874390f9d68ba0fcc6630efa7ff1541b950/cramjam-2.11.0-cp312-cp312-macosx_10_12_x86_64.macosx_11_0_arm64.macosx_10_12_universal2.whl", hash = "sha256:dba5c14b8b4f73ea1e65720f5a3fe4280c1d27761238378be8274135c60bbc6e", size = 3553368, upload-time = "2025-07-27T21:22:27.162Z" },
    { url = "https://files.pythonhosted.org/packages/2b/cc/4f6d185d8a744776f53035e72831ff8eefc2354f46ab836f4bd3c4f6c138/cramjam-2.11.0-cp312-cp312-macosx_10_12_x86_64.whl", hash = "sha256:11eb40722b3fcf3e6890fba46c711bf60f8dc26360a24876c85e52d76c33b25b", size = 1860014, upload-time = "2025-07-27T21:22:28.738Z" },
    { url = "https://files.pythonhosted.org/packages/1c/a8/626c76263085c6d5ded0e71823b411e9522bfc93ba6cc59855a5869296e7/cramjam-2.11.0-cp312-cp312-macosx_11_0_arm64.whl", hash = "sha256:aeb26e2898994b6e8319f19a4d37c481512acdcc6d30e1b5ecc9d8ec57e835cb", size = 1693512, upload-time = "2025-07-27T21:22:30.999Z" },
    { url = "https://files.pythonhosted.org/packages/e9/52/0851a16a62447532e30ba95a80e638926fdea869a34b4b5b9d0a020083ba/cramjam-2.11.0-cp312-cp312-manylinux_2_12_i686.manylinux2010_i686.whl", hash = "sha256:4f8d82081ed7d8fe52c982bd1f06e4c7631a73fe1fb6d4b3b3f2404f87dc40fe", size = 2025285, upload-time = "2025-07-27T21:22:32.954Z" },
    { url = "https://files.pythonhosted.org/packages/98/76/122e444f59dbc216451d8e3d8282c9665dc79eaf822f5f1470066be1b695/cramjam-2.11.0-cp312-cp312-manylinux_2_17_aarch64.manylinux2014_aarch64.whl", hash = "sha256:092a3ec26e0a679305018380e4f652eae1b6dfe3fc3b154ee76aa6b92221a17c", size = 1761327, upload-time = "2025-07-27T21:22:34.484Z" },
    { url = "https://files.pythonhosted.org/packages/a3/bc/3a0189aef1af2b29632c039c19a7a1b752bc21a4053582a5464183a0ad3d/cramjam-2.11.0-cp312-cp312-manylinux_2_17_armv7l.manylinux2014_armv7l.whl", hash = "sha256:529d6d667c65fd105d10bd83d1cd3f9869f8fd6c66efac9415c1812281196a92", size = 1854075, upload-time = "2025-07-27T21:22:36.157Z" },
    { url = "https://files.pythonhosted.org/packages/2e/80/8a6343b13778ce52d94bb8d5365a30c3aa951276b1857201fe79d7e2ad25/cramjam-2.11.0-cp312-cp312-manylinux_2_17_ppc64le.manylinux2014_ppc64le.whl", hash = "sha256:555eb9c90c450e0f76e27d9ff064e64a8b8c6478ab1a5594c91b7bc5c82fd9f0", size = 2032710, upload-time = "2025-07-27T21:22:38.17Z" },
    { url = "https://files.pythonhosted.org/packages/df/6b/cd1778a207c29eda10791e3dfa018b588001928086e179fc71254793c625/cramjam-2.11.0-cp312-cp312-manylinux_2_17_s390x.manylinux2014_s390x.whl", hash = "sha256:5edf4c9e32493035b514cf2ba0c969d81ccb31de63bd05490cc8bfe3b431674e", size = 2068353, upload-time = "2025-07-27T21:22:39.615Z" },
    { url = "https://files.pythonhosted.org/packages/dc/f0/5c2a5cd5711032f3b191ca50cb786c17689b4a9255f9f768866e6c9f04d9/cramjam-2.11.0-cp312-cp312-manylinux_2_17_x86_64.manylinux2014_x86_64.whl", hash = "sha256:2fa2fe41f48c4d58d923803383b0737f048918b5a0d10390de9628bb6272b107", size = 1978104, upload-time = "2025-07-27T21:22:41.106Z" },
    { url = "https://files.pythonhosted.org/packages/f9/8b/b363a5fb2c3347504fe9a64f8d0f1e276844f0e532aa7162c061cd1ffee4/cramjam-2.11.0-cp312-cp312-musllinux_1_1_aarch64.whl", hash = "sha256:9ca14cf1cabdb0b77d606db1bb9e9ca593b1dbd421fcaf251ec9a5431ec449f3", size = 2030779, upload-time = "2025-07-27T21:22:42.969Z" },
    { url = "https://files.pythonhosted.org/packages/78/7b/d83dad46adb6c988a74361f81ad9c5c22642be53ad88616a19baedd06243/cramjam-2.11.0-cp312-cp312-musllinux_1_1_armv7l.whl", hash = "sha256:309e95bf898829476bccf4fd2c358ec00e7ff73a12f95a3cdeeba4bb1d3683d5", size = 2155297, upload-time = "2025-07-27T21:22:44.6Z" },
    { url = "https://files.pythonhosted.org/packages/1a/be/60d9be4cb33d8740a4aa94c7513f2ef3c4eba4fd13536f086facbafade71/cramjam-2.11.0-cp312-cp312-musllinux_1_1_i686.whl", hash = "sha256:86dca35d2f15ef22922411496c220f3c9e315d5512f316fe417461971cc1648d", size = 2169255, upload-time = "2025-07-27T21:22:46.534Z" },
    { url = "https://files.pythonhosted.org/packages/11/b0/4a595f01a243aec8ad272b160b161c44351190c35d98d7787919d962e9e5/cramjam-2.11.0-cp312-cp312-musllinux_1_1_x86_64.whl", hash = "sha256:193c6488bd2f514cbc0bef5c18fad61a5f9c8d059dd56edf773b3b37f0e85496", size = 2155651, upload-time = "2025-07-27T21:22:48.46Z" },
    { url = "https://files.pythonhosted.org/packages/38/47/7776659aaa677046b77f527106e53ddd47373416d8fcdb1e1a881ec5dc06/cramjam-2.11.0-cp312-cp312-win32.whl", hash = "sha256:514e2c008a8b4fa823122ca3ecab896eac41d9aa0f5fc881bd6264486c204e32", size = 1603568, upload-time = "2025-07-27T21:22:50.084Z" },
    { url = "https://files.pythonhosted.org/packages/75/b1/d53002729cfd94c5844ddfaf1233c86d29f2dbfc1b764a6562c41c044199/cramjam-2.11.0-cp312-cp312-win_amd64.whl", hash = "sha256:53fed080476d5f6ad7505883ec5d1ec28ba36c2273db3b3e92d7224fe5e463db", size = 1709287, upload-time = "2025-07-27T21:22:51.534Z" },
    { url = "https://files.pythonhosted.org/packages/0a/8b/406c5dc0f8e82385519d8c299c40fd6a56d97eca3fcd6f5da8dad48de75b/cramjam-2.11.0-cp313-cp313-macosx_10_12_x86_64.macosx_11_0_arm64.macosx_10_12_universal2.whl", hash = "sha256:2c289729cc1c04e88bafa48b51082fb462b0a57dbc96494eab2be9b14dca62af", size = 3553330, upload-time = "2025-07-27T21:22:53.124Z" },
    { url = "https://files.pythonhosted.org/packages/00/ad/4186884083d6e4125b285903e17841827ab0d6d0cffc86216d27ed91e91d/cramjam-2.11.0-cp313-cp313-macosx_10_12_x86_64.whl", hash = "sha256:045201ee17147e36cf43d8ae2fa4b4836944ac672df5874579b81cf6d40f1a1f", size = 1859756, upload-time = "2025-07-27T21:22:54.821Z" },
    { url = "https://files.pythonhosted.org/packages/54/01/91b485cf76a7efef638151e8a7d35784dae2c4ff221b1aec2c083e4b106d/cramjam-2.11.0-cp313-cp313-macosx_11_0_arm64.whl", hash = "sha256:619cd195d74c9e1d2a3ad78d63451d35379c84bd851aec552811e30842e1c67a", size = 1693609, upload-time = "2025-07-27T21:22:56.331Z" },
    { url = "https://files.pythonhosted.org/packages/cd/84/d0c80d279b2976870fc7d10f15dcb90a3c10c06566c6964b37c152694974/cramjam-2.11.0-cp313-cp313-manylinux_2_12_i686.manylinux2010_i686.whl", hash = "sha256:6eb3ae5ab72edb2ed68bdc0f5710f0a6cad7fd778a610ec2c31ee15e32d3921e", size = 2024912, upload-time = "2025-07-27T21:22:57.915Z" },
    { url = "https://files.pythonhosted.org/packages/d6/70/88f2a5cb904281ed5d3c111b8f7d5366639817a5470f059bcd26833fc870/cramjam-2.11.0-cp313-cp313-manylinux_2_17_aarch64.manylinux2014_aarch64.whl", hash = "sha256:df7da3f4b19e3078f9635f132d31b0a8196accb2576e3213ddd7a77f93317c20", size = 1760715, upload-time = "2025-07-27T21:22:59.528Z" },
    { url = "https://files.pythonhosted.org/packages/b2/06/cf5b02081132537d28964fb385fcef9ed9f8a017dd7d8c59d317e53ba50d/cramjam-2.11.0-cp313-cp313-manylinux_2_17_armv7l.manylinux2014_armv7l.whl", hash = "sha256:57286b289cd557ac76c24479d8ecfb6c3d5b854cce54ccc7671f9a2f5e2a2708", size = 1853782, upload-time = "2025-07-27T21:23:01.07Z" },
    { url = "https://files.pythonhosted.org/packages/57/27/63525087ed40a53d1867021b9c4858b80cc86274ffe7225deed067d88d92/cramjam-2.11.0-cp313-cp313-manylinux_2_17_ppc64le.manylinux2014_ppc64le.whl", hash = "sha256:28952fbbf8b32c0cb7fa4be9bcccfca734bf0d0989f4b509dc7f2f70ba79ae06", size = 2032354, upload-time = "2025-07-27T21:23:03.021Z" },
    { url = "https://files.pythonhosted.org/packages/c3/ef/dbba082c6ebfb6410da4dd39a64e654d7194fcfd4567f85991a83fa4ec32/cramjam-2.11.0-cp313-cp313-manylinux_2_17_s390x.manylinux2014_s390x.whl", hash = "sha256:78ed2e4099812a438b545dfbca1928ec825e743cd253bc820372d6ef8c3adff4", size = 2068007, upload-time = "2025-07-27T21:23:04.526Z" },
    { url = "https://files.pythonhosted.org/packages/35/ce/d902b9358a46a086938feae83b2251720e030f06e46006f4c1fc0ac9da20/cramjam-2.11.0-cp313-cp313-manylinux_2_17_x86_64.manylinux2014_x86_64.whl", hash = "sha256:7d9aecd5c3845d415bd6c9957c93de8d93097e269137c2ecb0e5a5256374bdc8", size = 1977485, upload-time = "2025-07-27T21:23:06.058Z" },
    { url = "https://files.pythonhosted.org/packages/e8/03/982f54553244b0afcbdb2ad2065d460f0ab05a72a96896a969a1ca136a1e/cramjam-2.11.0-cp313-cp313-musllinux_1_1_aarch64.whl", hash = "sha256:362fcf4d6f5e1242a4540812455f5a594949190f6fbc04f2ffbfd7ae0266d788", size = 2030447, upload-time = "2025-07-27T21:23:07.679Z" },
    { url = "https://files.pythonhosted.org/packages/74/5f/748e54cdb665ec098ec519e23caacc65fc5ae58718183b071e33fc1c45b4/cramjam-2.11.0-cp313-cp313-musllinux_1_1_armv7l.whl", hash = "sha256:13240b3dea41b1174456cb9426843b085dc1a2bdcecd9ee2d8f65ac5703374b0", size = 2154949, upload-time = "2025-07-27T21:23:09.366Z" },
    { url = "https://files.pythonhosted.org/packages/69/81/c4e6cb06ed69db0dc81f9a8b1dc74995ebd4351e7a1877143f7031ff2700/cramjam-2.11.0-cp313-cp313-musllinux_1_1_i686.whl", hash = "sha256:c54eed83726269594b9086d827decc7d2015696e31b99bf9b69b12d9063584fe", size = 2168925, upload-time = "2025-07-27T21:23:10.976Z" },
    { url = "https://files.pythonhosted.org/packages/13/5b/966365523ce8290a08e163e3b489626c5adacdff2b3da9da1b0823dfb14e/cramjam-2.11.0-cp313-cp313-musllinux_1_1_x86_64.whl", hash = "sha256:f8195006fdd0fc0a85b19df3d64a3ef8a240e483ae1dfc7ac6a4316019eb5df2", size = 2154950, upload-time = "2025-07-27T21:23:12.514Z" },
    { url = "https://files.pythonhosted.org/packages/3a/7d/7f8eb5c534b72b32c6eb79d74585bfee44a9a5647a14040bb65c31c2572d/cramjam-2.11.0-cp313-cp313-win32.whl", hash = "sha256:ccf30e3fe6d770a803dcdf3bb863fa44ba5dc2664d4610ba2746a3c73599f2e4", size = 1603199, upload-time = "2025-07-27T21:23:14.38Z" },
    { url = "https://files.pythonhosted.org/packages/37/05/47b5e0bf7c41a3b1cdd3b7c2147f880c93226a6bef1f5d85183040cbdece/cramjam-2.11.0-cp313-cp313-win_amd64.whl", hash = "sha256:ee36348a204f0a68b03400f4736224e9f61d1c6a1582d7f875c1ca56f0254268", size = 1708924, upload-time = "2025-07-27T21:23:16.332Z" },
    { url = "https://files.pythonhosted.org/packages/de/07/a1051cdbbe6d723df16d756b97f09da7c1adb69e29695c58f0392bc12515/cramjam-2.11.0-cp314-cp314-macosx_10_12_x86_64.macosx_11_0_arm64.macosx_10_12_universal2.whl", hash = "sha256:7ba5e38c9fbd06f086f4a5a64a1a5b7b417cd3f8fc07a20e5c03651f72f36100", size = 3554141, upload-time = "2025-07-27T21:23:17.938Z" },
    { url = "https://files.pythonhosted.org/packages/74/66/58487d2e16ef3d04f51a7c7f0e69823e806744b4c21101e89da4873074bc/cramjam-2.11.0-cp314-cp314-macosx_10_12_x86_64.whl", hash = "sha256:b8adeee57b41fe08e4520698a4b0bd3cc76dbd81f99424b806d70a5256a391d3", size = 1860353, upload-time = "2025-07-27T21:23:19.593Z" },
    { url = "https://files.pythonhosted.org/packages/67/b4/67f6254d166ffbcc9d5fa1b56876eaa920c32ebc8e9d3d525b27296b693b/cramjam-2.11.0-cp314-cp314-macosx_11_0_arm64.whl", hash = "sha256:b96a74fa03a636c8a7d76f700d50e9a8bc17a516d6a72d28711225d641e30968", size = 1693832, upload-time = "2025-07-27T21:23:21.185Z" },
    { url = "https://files.pythonhosted.org/packages/55/a3/4e0b31c0d454ae70c04684ed7c13d3c67b4c31790c278c1e788cb804fa4a/cramjam-2.11.0-cp314-cp314-manylinux_2_12_i686.manylinux2010_i686.whl", hash = "sha256:c3811a56fa32e00b377ef79121c0193311fd7501f0fb378f254c7f083cc1fbe0", size = 2027080, upload-time = "2025-07-27T21:23:23.303Z" },
    { url = "https://files.pythonhosted.org/packages/d9/c7/5e8eed361d1d3b8be14f38a54852c5370cc0ceb2c2d543b8ba590c34f080/cramjam-2.11.0-cp314-cp314-manylinux_2_17_aarch64.manylinux2014_aarch64.whl", hash = "sha256:c5d927e87461f8a0d448e4ab5eb2bca9f31ca5d8ea86d70c6f470bb5bc666d7e", size = 1761543, upload-time = "2025-07-27T21:23:24.991Z" },
    { url = "https://files.pythonhosted.org/packages/09/0c/06b7f8b0ce9fde89470505116a01fc0b6cb92d406c4fb1e46f168b5d3fa5/cramjam-2.11.0-cp314-cp314-manylinux_2_17_armv7l.manylinux2014_armv7l.whl", hash = "sha256:f1f5c450121430fd89cb5767e0a9728ecc65997768fd4027d069cb0368af62f9", size = 1854636, upload-time = "2025-07-27T21:23:26.987Z" },
    { url = "https://files.pythonhosted.org/packages/6f/c6/6ebc02c9d5acdf4e5f2b1ec6e1252bd5feee25762246798ae823b3347457/cramjam-2.11.0-cp314-cp314-manylinux_2_17_ppc64le.manylinux2014_ppc64le.whl", hash = "sha256:724aa7490be50235d97f07e2ca10067927c5d7f336b786ddbc868470e822aa25", size = 2032715, upload-time = "2025-07-27T21:23:28.603Z" },
    { url = "https://files.pythonhosted.org/packages/a2/77/a122971c23f5ca4b53e4322c647ac7554626c95978f92d19419315dddd05/cramjam-2.11.0-cp314-cp314-manylinux_2_17_s390x.manylinux2014_s390x.whl", hash = "sha256:54c4637122e7cfd7aac5c1d3d4c02364f446d6923ea34cf9d0e8816d6e7a4936", size = 2069039, upload-time = "2025-07-27T21:23:30.319Z" },
    { url = "https://files.pythonhosted.org/packages/19/0f/f6121b90b86b9093c066889274d26a1de3f29969d45c2ed1ecbe2033cb78/cramjam-2.11.0-cp314-cp314-manylinux_2_17_x86_64.manylinux2014_x86_64.whl", hash = "sha256:17eb39b1696179fb471eea2de958fa21f40a2cd8bf6b40d428312d5541e19dc4", size = 1979566, upload-time = "2025-07-27T21:23:32.002Z" },
    { url = "https://files.pythonhosted.org/packages/e0/a3/f95bc57fd7f4166ce6da816cfa917fb7df4bb80e669eb459d85586498414/cramjam-2.11.0-cp314-cp314-musllinux_1_1_aarch64.whl", hash = "sha256:36aa5a798aa34e11813a80425a30d8e052d8de4a28f27bfc0368cfc454d1b403", size = 2030905, upload-time = "2025-07-27T21:23:33.696Z" },
    { url = "https://files.pythonhosted.org/packages/fc/52/e429de4e8bc86ee65e090dae0f87f45abd271742c63fb2d03c522ffde28a/cramjam-2.11.0-cp314-cp314-musllinux_1_1_armv7l.whl", hash = "sha256:449fca52774dc0199545fbf11f5128933e5a6833946707885cf7be8018017839", size = 2155592, upload-time = "2025-07-27T21:23:35.375Z" },
    { url = "https://files.pythonhosted.org/packages/6c/6c/65a7a0207787ad39ad804af4da7f06a60149de19481d73d270b540657234/cramjam-2.11.0-cp314-cp314-musllinux_1_1_i686.whl", hash = "sha256:d87d37b3d476f4f7623c56a232045d25bd9b988314702ea01bd9b4a94948a778", size = 2170839, upload-time = "2025-07-27T21:23:37.197Z" },
    { url = "https://files.pythonhosted.org/packages/b2/c5/5c5db505ba692bc844246b066e23901d5905a32baf2f33719c620e65887f/cramjam-2.11.0-cp314-cp314-musllinux_1_1_x86_64.whl", hash = "sha256:26cb45c47d71982d76282e303931c6dd4baee1753e5d48f9a89b3a63e690b3a3", size = 2157236, upload-time = "2025-07-27T21:23:38.854Z" },
    { url = "https://files.pythonhosted.org/packages/b0/22/88e6693e60afe98901e5bbe91b8dea193e3aa7f42e2770f9c3339f5c1065/cramjam-2.11.0-cp314-cp314-win32.whl", hash = "sha256:4efe919d443c2fd112fe25fe636a52f9628250c9a50d9bddb0488d8a6c09acc6", size = 1604136, upload-time = "2025-07-27T21:23:40.56Z" },
    { url = "https://files.pythonhosted.org/packages/cc/f8/01618801cd59ccedcc99f0f96d20be67d8cfc3497da9ccaaad6b481781dd/cramjam-2.11.0-cp314-cp314-win_amd64.whl", hash = "sha256:ccec3524ea41b9abd5600e3e27001fd774199dbb4f7b9cb248fcee37d4bda84c", size = 1710272, upload-time = "2025-07-27T21:23:42.236Z" },
    { url = "https://files.pythonhosted.org/packages/40/81/6cdb3ed222d13ae86bda77aafe8d50566e81a1169d49ed195b6263610704/cramjam-2.11.0-cp314-cp314t-macosx_10_12_x86_64.macosx_11_0_arm64.macosx_10_12_universal2.whl", hash = "sha256:966ac9358b23d21ecd895c418c048e806fd254e46d09b1ff0cdad2eba195ea3e", size = 3559671, upload-time = "2025-07-27T21:23:44.504Z" },
    { url = "https://files.pythonhosted.org/packages/cb/43/52b7e54fe5ba1ef0270d9fdc43dabd7971f70ea2d7179be918c997820247/cramjam-2.11.0-cp314-cp314t-macosx_10_12_x86_64.whl", hash = "sha256:387f09d647a0d38dcb4539f8a14281f8eb6bb1d3e023471eb18a5974b2121c86", size = 1867876, upload-time = "2025-07-27T21:23:46.987Z" },
    { url = "https://files.pythonhosted.org/packages/9d/28/30d5b8d10acd30db3193bc562a313bff722888eaa45cfe32aa09389f2b24/cramjam-2.11.0-cp314-cp314t-macosx_11_0_arm64.whl", hash = "sha256:665b0d8fbbb1a7f300265b43926457ec78385200133e41fef19d85790fc1e800", size = 1695562, upload-time = "2025-07-27T21:23:48.644Z" },
    { url = "https://files.pythonhosted.org/packages/d9/86/ec806f986e01b896a650655024ea52a13e25c3ac8a3a382f493089483cdc/cramjam-2.11.0-cp314-cp314t-manylinux_2_12_i686.manylinux2010_i686.whl", hash = "sha256:ca905387c7a371531b9622d93471be4d745ef715f2890c3702479cd4fc85aa51", size = 2025056, upload-time = "2025-07-27T21:23:50.404Z" },
    { url = "https://files.pythonhosted.org/packages/09/43/c2c17586b90848d29d63181f7d14b8bd3a7d00975ad46e3edf2af8af7e1f/cramjam-2.11.0-cp314-cp314t-manylinux_2_17_aarch64.manylinux2014_aarch64.whl", hash = "sha256:3c1aa56aef2c8af55a21ed39040a94a12b53fb23beea290f94d19a76027e2ffb", size = 1764084, upload-time = "2025-07-27T21:23:52.265Z" },
    { url = "https://files.pythonhosted.org/packages/2b/a9/68bc334fadb434a61df10071dc8606702aa4f5b6cdb2df62474fc21d2845/cramjam-2.11.0-cp314-cp314t-manylinux_2_17_armv7l.manylinux2014_armv7l.whl", hash = "sha256:e5db59c1cdfaa2ab85cc988e602d6919495f735ca8a5fd7603608eb1e23c26d5", size = 1854859, upload-time = "2025-07-27T21:23:54.085Z" },
    { url = "https://files.pythonhosted.org/packages/5b/4e/b48e67835b5811ec5e9cb2e2bcba9c3fd76dab3e732569fe801b542c6ca9/cramjam-2.11.0-cp314-cp314t-manylinux_2_17_ppc64le.manylinux2014_ppc64le.whl", hash = "sha256:b1f893014f00fe5e89a660a032e813bf9f6d91de74cd1490cdb13b2b59d0c9a3", size = 2035970, upload-time = "2025-07-27T21:23:55.758Z" },
    { url = "https://files.pythonhosted.org/packages/c4/70/d2ac33d572b4d90f7f0f2c8a1d60fb48f06b128fdc2c05f9b49891bb0279/cramjam-2.11.0-cp314-cp314t-manylinux_2_17_s390x.manylinux2014_s390x.whl", hash = "sha256:c26a1eb487947010f5de24943bd7c422dad955b2b0f8650762539778c380ca89", size = 2069320, upload-time = "2025-07-27T21:23:57.494Z" },
    { url = "https://files.pythonhosted.org/packages/1d/4c/85cec77af4a74308ba5fca8e296c4e2f80ec465c537afc7ab1e0ca2f9a00/cramjam-2.11.0-cp314-cp314t-manylinux_2_17_x86_64.manylinux2014_x86_64.whl", hash = "sha256:7d5c8bfb438d94e7b892d1426da5fc4b4a5370cc360df9b8d9d77c33b896c37e", size = 1982668, upload-time = "2025-07-27T21:23:59.126Z" },
    { url = "https://files.pythonhosted.org/packages/55/45/938546d1629e008cc3138df7c424ef892719b1796ff408a2ab8550032e5e/cramjam-2.11.0-cp314-cp314t-musllinux_1_1_aarch64.whl", hash = "sha256:cb1fb8c9337ab0da25a01c05d69a0463209c347f16512ac43be5986f3d1ebaf4", size = 2034028, upload-time = "2025-07-27T21:24:00.865Z" },
    { url = "https://files.pythonhosted.org/packages/01/76/b5a53e20505555f1640e66dcf70394bcf51a1a3a072aa18ea35135a0f9ed/cramjam-2.11.0-cp314-cp314t-musllinux_1_1_armv7l.whl", hash = "sha256:1f6449f6de52dde3e2f1038284910c8765a397a25e2d05083870f3f5e7fc682c", size = 2155513, upload-time = "2025-07-27T21:24:02.92Z" },
    { url = "https://files.pythonhosted.org/packages/84/12/8d3f6ceefae81bbe45a347fdfa2219d9f3ac75ebc304f92cd5fcb4fbddc5/cramjam-2.11.0-cp314-cp314t-musllinux_1_1_i686.whl", hash = "sha256:382dec4f996be48ed9c6958d4e30c2b89435d7c2c4dbf32480b3b8886293dd65", size = 2170035, upload-time = "2025-07-27T21:24:04.558Z" },
    { url = "https://files.pythonhosted.org/packages/4b/85/3be6f0a1398f976070672be64f61895f8839857618a2d8cc0d3ab529d3dc/cramjam-2.11.0-cp314-cp314t-musllinux_1_1_x86_64.whl", hash = "sha256:d388bd5723732c3afe1dd1d181e4213cc4e1be210b080572e7d5749f6e955656", size = 2160229, upload-time = "2025-07-27T21:24:06.729Z" },
    { url = "https://files.pythonhosted.org/packages/57/5e/66cfc3635511b20014bbb3f2ecf0095efb3049e9e96a4a9e478e4f3d7b78/cramjam-2.11.0-cp314-cp314t-win32.whl", hash = "sha256:0a70ff17f8e1d13f322df616505550f0f4c39eda62290acb56f069d4857037c8", size = 1610267, upload-time = "2025-07-27T21:24:08.428Z" },
    { url = "https://files.pythonhosted.org/packages/ce/c6/c71e82e041c95ffe6a92ac707785500aa2a515a4339c2c7dd67e3c449249/cramjam-2.11.0-cp314-cp314t-win_amd64.whl", hash = "sha256:028400d699442d40dbda02f74158c73d05cb76587a12490d0bfedd958fd49188", size = 1713108, upload-time = "2025-07-27T21:24:10.147Z" },
    { url = "https://files.pythonhosted.org/packages/81/da/b3301962ccd6fce9fefa1ecd8ea479edaeaa38fadb1f34d5391d2587216a/cramjam-2.11.0-pp311-pypy311_pp73-macosx_10_12_x86_64.macosx_11_0_arm64.macosx_10_12_universal2.whl", hash = "sha256:52d5db3369f95b27b9f3c14d067acb0b183333613363ed34268c9e04560f997f", size = 3573546, upload-time = "2025-07-27T21:24:52.944Z" },
    { url = "https://files.pythonhosted.org/packages/b6/c2/410ddb8ad4b9dfb129284666293cb6559479645da560f7077dc19d6bee9e/cramjam-2.11.0-pp311-pypy311_pp73-macosx_10_12_x86_64.whl", hash = "sha256:4820516366d455b549a44d0e2210ee7c4575882dda677564ce79092588321d54", size = 1873654, upload-time = "2025-07-27T21:24:54.958Z" },
    { url = "https://files.pythonhosted.org/packages/d5/99/f68a443c64f7ce7aff5bed369b0aa5b2fac668fa3dfd441837e316e97a1f/cramjam-2.11.0-pp311-pypy311_pp73-macosx_11_0_arm64.whl", hash = "sha256:d9e5db525dc0a950a825202f84ee68d89a072479e07da98795a3469df942d301", size = 1702846, upload-time = "2025-07-27T21:24:57.124Z" },
    { url = "https://files.pythonhosted.org/packages/6c/02/0ff358ab773def1ee3383587906c453d289953171e9c92db84fdd01bf172/cramjam-2.11.0-pp311-pypy311_pp73-manylinux_2_17_aarch64.manylinux2014_aarch64.whl", hash = "sha256:62ab4971199b2270005359cdc379bc5736071dc7c9a228581c5122d9ffaac50c", size = 1773683, upload-time = "2025-07-27T21:24:59.28Z" },
    { url = "https://files.pythonhosted.org/packages/e9/31/3298e15f87c9cf2aabdbdd90b153d8644cf989cb42a45d68a1b71e1f7aaf/cramjam-2.11.0-pp311-pypy311_pp73-manylinux_2_17_x86_64.manylinux2014_x86_64.whl", hash = "sha256:24758375cc5414d3035ca967ebb800e8f24604ececcba3c67d6f0218201ebf2d", size = 1994136, upload-time = "2025-07-27T21:25:01.565Z" },
    { url = "https://files.pythonhosted.org/packages/c7/90/20d1747255f1ee69a412e319da51ea594c18cca195e7a4d4c713f045eff5/cramjam-2.11.0-pp311-pypy311_pp73-win_amd64.whl", hash = "sha256:6c2eea545fef1065c7dd4eda991666fd9c783fbc1d226592ccca8d8891c02f23", size = 1714982, upload-time = "2025-07-27T21:25:05.79Z" },
]

[[package]]
name = "iniconfig"
version = "2.3.0"
source = { registry = "https://pypi.org/simple" }
sdist = { url = "https://files.pythonhosted.org/packages/72/34/14ca021ce8e5dfedc35312d08ba8bf51fdd999c576889fc2c24cb97f4f10/iniconfig-2.3.0.tar.gz", hash = "sha256:c76315c77db068650d49c5b56314774a7804df16fee4402c1f19d6d15d8c4730", size = 20503, upload-time = "2025-10-18T21:55:43.219Z" }
wheels = [
    { url = "https://files.pythonhosted.org/packages/cb/b1/3846dd7f199d53cb17f49cba7e651e9ce294d8497c8c150530ed11865bb8/iniconfig-2.3.0-py3-none-any.whl", hash = "sha256:f631c04d2c48c52b84d0d0549c99ff3859c98df65b3101406327ecc7d53fbf12", size = 7484, upload-time = "2025-10-18T21:55:41.639Z" },
]

[[package]]
name = "packaging"
version = "26.2"
source = { registry = "https://pypi.org/simple" }
sdist = { url = "https://files.pythonhosted.org/packages/d7/f1/e7a6dd94a8d4a5626c03e4e99c87f241ba9e350cd9e6d75123f992427270/packaging-26.2.tar.gz", hash = "sha256:ff452ff5a3e828ce110190feff1178bb1f2ea2281fa2075aadb987c2fb221661", size = 228134, upload-time = "2026-04-24T20:15:23.917Z" }
wheels = [
    { url = "https://files.pythonhosted.org/packages/df/b2/87e62e8c3e2f4b32e5fe99e0b86d576da1312593b39f47d8ceef365e95ed/packaging-26.2-py3-none-any.whl", hash = "sha256:5fc45236b9446107ff2415ce77c807cee2862cb6fac22b8a73826d0693b0980e", size = 100195, upload-time = "2026-04-24T20:15:22.081Z" },
]

[[package]]
name = "pluggy"
version = "1.6.0"
source = { registry = "https://pypi.org/simple" }
sdist = { url = "https://files.pythonhosted.org/packages/f9/e2/3e91f31a7d2b083fe6ef3fa267035b518369d9511ffab804f839851d2779/pluggy-1.6.0.tar.gz", hash = "sha256:7dcc130b76258d33b90f61b658791dede3486c3e6bfb003ee5c9bfb396dd22f3", size = 69412, upload-time = "2025-05-15T12:30:07.975Z" }
wheels = [
    { url = "https://files.pythonhosted.org/packages/54/20/4d324d65cc6d9205fabedc306948156824eb9f0ee1633355a8f7ec5c66bf/pluggy-1.6.0-py3-none-any.whl", hash = "sha256:e920276dd6813095e9377c0bc5566d94c932c33b27a3e3945d8389c374dd4746", size = 20538, upload-time = "2025-05-15T12:30:06.134Z" },
]

[[package]]
name = "pygments"
version = "2.20.0"
source = { registry = "https://pypi.org/simple" }
sdist = { url = "https://files.pythonhosted.org/packages/c3/b2/bc9c9196916376152d655522fdcebac55e66de6603a76a02bca1b6414f6c/pygments-2.20.0.tar.gz", hash = "sha256:6757cd03768053ff99f3039c1a36d6c0aa0b263438fcab17520b30a303a82b5f", size = 4955991, upload-time = "2026-03-29T13:29:33.898Z" }
wheels = [
    { url = "https://files.pythonhosted.org/packages/f4/7e/a72dd26f3b0f4f2bf1dd8923c85f7ceb43172af56d63c7383eb62b332364/pygments-2.20.0-py3-none-any.whl", hash = "sha256:81a9e26dd42fd28a23a2d169d86d7ac03b46e2f8b59ed4698fb4785f946d0176", size = 1231151, upload-time = "2026-03-29T13:29:30.038Z" },
]

[[package]]
name = "pysnappy"
version = "0.8.0"
source = { editable = "." }

[package.dev-dependencies]
dev = [
    { name = "pytest" },
    { name = "python-snappy" },
]

[package.metadata]

[package.metadata.requires-dev]
dev = [
    { name = "pytest" },
    { name = "python-snappy" },
]

[[package]]
name = "pytest"
version = "9.0.3"
source = { registry = "https://pypi.org/simple" }
dependencies = [
    { name = "colorama", marker = "sys_platform == 'win32'" },
    { name = "iniconfig" },
    { name = "packaging" },
    { name = "pluggy" },
    { name = "pygments" },
]
sdist = { url = "https://files.pythonhosted.org/packages/7d/0d/549bd94f1a0a402dc8cf64563a117c0f3765662e2e668477624baeec44d5/pytest-9.0.3.tar.gz", hash = "sha256:b86ada508af81d19edeb213c681b1d48246c1a91d304c6c81a427674c17eb91c", size = 1572165, upload-time = "2026-04-07T17:16:18.027Z" }
wheels = [
    { url = "https://files.pythonhosted.org/packages/d4/24/a372aaf5c9b7208e7112038812994107bc65a84cd00e0354a88c2c77a617/pytest-9.0.3-py3-none-any.whl", hash = "sha256:2c5efc453d45394fdd706ade797c0a81091eccd1d6e4bccfcd476e2b8e0ab5d9", size = 375249, upload-time = "2026-04-07T17:16:16.13Z" },
]

[[package]]
name = "python-snappy"
version = "0.7.3"
source = { registry = "https://pypi.org/simple" }
dependencies = [
    { name = "cramjam" },
]
sdist = { url = "https://files.pythonhosted.org/packages/39/66/9185fbb6605ba92716d9f77fbb13c97eb671cd13c3ad56bd154016fbf08b/python_snappy-0.7.3.tar.gz", hash = "sha256:40216c1badfb2d38ac781ecb162a1d0ec40f8ee9747e610bcfefdfa79486cee3", size = 9337, upload-time = "2024-08-29T13:16:05.705Z" }
wheels = [
    { url = "https://files.pythonhosted.org/packages/86/c1/0ee413ddd639aebf22c85d6db39f136ccc10e6a4b4dd275a92b5c839de8d/python_snappy-0.7.3-py3-none-any.whl", hash = "sha256:074c0636cfcd97e7251330f428064050ac81a52c62ed884fc2ddebbb60ed7f50", size = 9155, upload-time = "2024-08-29T13:16:04.773Z" },
]
